<?xml version="1.0" encoding="utf-8"?>
<Project ToolsVersion="4.0" xmlns="http://schemas.microsoft.com/developer/msbuild/2003">
  <ItemGroup>
    <Filter Include="소스 파일">
      <UniqueIdentifier>{4FC737F1-C7A5-4376-A066-2A32D752A2FF}</UniqueIdentifier>
      <Extensions>cpp;c;cc;cxx;c++;cppm;ixx;def;odl;idl;hpj;bat;asm;asmx</Extensions>
    </Filter>
    <Filter Include="헤더 파일">
      <UniqueIdentifier>{93995380-89BD-4b04-88EB-625FBE52EBFB}</UniqueIdentifier>
      <Extensions>h;hh;hpp;hxx;h++;hm;inl;inc;ipp;xsd</Extensions>
    </Filter>
    <Filter Include="리소스 파일">
      <UniqueIdentifier>{67DA6AB6-F800-4c08-8B7A-83BB121AAD01}</UniqueIdentifier>
      <Extensions>rc;ico;cur;bmp;dlg;rc2;rct;bin;rgs;gif;jpg;jpeg;jpe;resx;tiff;tif;png;wav;mfcribbon-ms</Extensions>
    </Filter>
  </ItemGroup>
  <ItemGroup>
    <ClInclude Include="CareConn.h">
      <Filter>헤더 파일</Filter>
    </ClInclude>
    <ClInclude Include="CareConnDlg.h">
      <Filter>헤더 파일</Filter>
    </ClInclude>
    <ClInclude Include="framework.h">
      <Filter>헤더 파일</Filter>
    </ClInclude>
    <ClInclude Include="targetver.h">
      <Filter>헤더 파일</Filter>
    </ClInclude>
    <ClInclude Include="Resource.h">
      <Filter>헤더 파일</Filter>
    </ClInclude>
    <ClInclude Include="pch.h">
      <Filter>헤더 파일</Filter>
    </ClInclude>
    <ClInclude Include="define.h">
      <Filter>헤더 파일</Filter>
    </ClInclude>
    <ClInclude Include="mysql.h">
      <Filter>헤더 파일</Filter>
    </ClInclude>
    <ClInclude Include="CregistryDlg.h">
      <Filter>헤더 파일</Filter>
    </ClInclude>
    <ClInclude Include="PGImage.h">
      <Filter>헤더 파일</Filter>
    </ClInclude>
    <ClInclude Include="ReceptionDlg.h">
      <Filter>헤더 파일</Filter>
    </ClInclude>
    <ClInclude Include="PGTransparentStatic.h">
      <Filter>헤더 파일</Filter>
    </ClInclude>
    <ClInclude Include="PGBitmapButton.h">
      <Filter>헤더 파일</Filter>
    </ClInclude>
  </ItemGroup>
  <ItemGroup>
    <ClCompile Include="CareConn.cpp">
      <Filter>소스 파일</Filter>
    </ClCompile>
    <ClCompile Include="CareConnDlg.cpp">
      <Filter>소스 파일</Filter>
    </ClCompile>
    <ClCompile Include="pch.cpp">
      <Filter>소스 파일</Filter>
    </ClCompile>
    <ClCompile Include="StdioFileEx.cpp">
      <Filter>소스 파일</Filter>
    </ClCompile>
    <ClCompile Include="CregistryDlg.cpp">
      <Filter>소스 파일</Filter>
    </ClCompile>
    <ClCompile Include="PGImage.cpp">
      <Filter>소스 파일</Filter>
    </ClCompile>
    <ClCompile Include="ReceptionDlg.cpp">
      <Filter>소스 파일</Filter>
    </ClCompile>
    <ClCompile Include="PGTransparentStatic.cpp">
      <Filter>소스 파일</Filter>
    </ClCompile>
    <ClCompile Include="PGBitmapButton.cpp">
      <Filter>소스 파일</Filter>
    </ClCompile>
  </ItemGroup>
  <ItemGroup>
    <ResourceCompile Include="CareConn.rc">
      <Filter>리소스 파일</Filter>
    </ResourceCompile>
  </ItemGroup>
  <ItemGroup>
    <None Include="res\CareConn.rc2">
      <Filter>리소스 파일</Filter>
    </None>
    <None Include="packages.config" />
  </ItemGroup>
  <ItemGroup>
    <Image Include="res\CareConn.ico">
      <Filter>리소스 파일</Filter>
    </Image>
    <Image Include="res\BG.png">
      <Filter>리소스 파일</Filter>
    </Image>
    <Image Include="C:\Program Files (x86)\METASTORY\CareCon\banner.png">
      <Filter>리소스 파일</Filter>
    </Image>
    <Image Include="res\highLevel.png">
      <Filter>리소스 파일</Filter>
    </Image>
    <Image Include="res\middleLevel.png">
      <Filter>리소스 파일</Filter>
    </Image>
    <Image Include="res\lowLevel.png">
      <Filter>리소스 파일</Filter>
    </Image>
    <Image Include="res\banner.png">
      <Filter>리소스 파일</Filter>
    </Image>
    <Image Include="res\registerBG.png">
      <Filter>리소스 파일</Filter>
    </Image>
    <Image Include="res\btnSearch.png">
      <Filter>리소스 파일</Filter>
    </Image>
    <Image Include="res\btnRegistry.png">
      <Filter>리소스 파일</Filter>
    </Image>
    <Image Include="res\registerA.png">
      <Filter>리소스 파일</Filter>
    </Image>
    <Image Include="res\registerB.png">
      <Filter>리소스 파일</Filter>
    </Image>
    <Image Include="res\careconLogo.png">
      <Filter>리소스 파일</Filter>
    </Image>
    <Image Include="res\Lucoms.png">
      <Filter>리소스 파일</Filter>
    </Image>
    <Image Include="res\receptionA.png">
      <Filter>리소스 파일</Filter>
    </Image>
    <Image Include="res\receptionB.png">
      <Filter>리소스 파일</Filter>
    </Image>
    <Image Include="res\btnReception.png">
      <Filter>리소스 파일</Filter>
    </Image>
    <Image Include="res\btnASA_1.png">
      <Filter>리소스 파일</Filter>
    </Image>
    <Image Include="res\btnASA_2.png">
      <Filter>리소스 파일</Filter>
    </Image>
    <Image Include="res\btnASA_3.png">
      <Filter>리소스 파일</Filter>
    </Image>
    <Image Include="res\btnASA_4.png">
      <Filter>리소스 파일</Filter>
    </Image>
    <Image Include="res\btnExitA.png">
      <Filter>리소스 파일</Filter>
    </Image>
    <Image Include="res\btnExitB.png">
      <Filter>리소스 파일</Filter>
    </Image>
    <Image Include="res\inet.png">
      <Filter>리소스 파일</Filter>
    </Image>
  </ItemGroup>
</Project>